Microsoft Visual Studio Solution File, Format Version 12.00
# Visual Studio 2012
Project("{FAE04EC0-301F-11D3-BF4B-00C04F79EFBC}") = "Smar", "Smar.csproj", "{47787621-5E07-490B-9D90-A58CE52DDA4F}"
EndProject
Global
	GlobalSection(SolutionConfigurationPlatforms) = preSolution
	Debug|Any CPU = Debug|Any CPU
	ExportDebug|Any CPU = ExportDebug|Any CPU
	ExportRelease|Any CPU = ExportRelease|Any CPU
	EndGlobalSection
	GlobalSection(ProjectConfigurationPlatforms) = postSolution
		{47787621-5E07-490B-9D90-A58CE52DDA4F}.Debug|Any CPU.ActiveCfg = Debug|Any CPU
		{47787621-5E07-490B-9D90-A58CE52DDA4F}.Debug|Any CPU.Build.0 = Debug|Any CPU
		{47787621-5E07-490B-9D90-A58CE52DDA4F}.ExportDebug|Any CPU.ActiveCfg = ExportDebug|Any CPU
		{47787621-5E07-490B-9D90-A58CE52DDA4F}.ExportDebug|Any CPU.Build.0 = ExportDebug|Any CPU
		{47787621-5E07-490B-9D90-A58CE52DDA4F}.ExportRelease|Any CPU.ActiveCfg = ExportRelease|Any CPU
		{47787621-5E07-490B-9D90-A58CE52DDA4F}.ExportRelease|Any CPU.Build.0 = ExportRelease|Any CPU
	EndGlobalSection
EndGlobal
